
Microsoft Visual Studio Solution File, Format Version 12.00
# Visual Studio Version 16
VisualStudioVersion = 16.0.31613.86
MinimumVisualStudioVersion = 10.0.40219.1
Project("{FAE04EC0-301F-11D3-BF4B-00C04F79EFBC}") = "inlamning3", "inlamning3\inlamning3.csproj", "{EF128045-5269-49EE-9DD9-37B366606FAB}"
EndProject
Global
	GlobalSection(SolutionConfigurationPlatforms) = preSolution
		Debug|Any CPU = Debug|Any CPU
		Release|Any CPU = Release|Any CPU
	EndGlobalSection
	GlobalSection(ProjectConfigurationPlatforms) = postSolution
		{EF128045-5269-49EE-9DD9-37B366606FAB}.Debug|Any CPU.ActiveCfg = Debug|Any CPU
		{EF128045-5269-49EE-9DD9-37B366606FAB}.Debug|Any CPU.Build.0 = Debug|Any CPU
		{EF128045-5269-49EE-9DD9-37B366606FAB}.Release|Any CPU.ActiveCfg = Release|Any CPU
		{EF128045-5269-49EE-9DD9-37B366606FAB}.Release|Any CPU.Build.0 = Release|Any CPU
	EndGlobalSection
	GlobalSection(SolutionProperties) = preSolution
		HideSolutionNode = FALSE
	EndGlobalSection
	GlobalSection(ExtensibilityGlobals) = postSolution
		SolutionGuid = {5699CE5F-59C8-4CC2-BDBE-F10581C958A9}
	EndGlobalSection
EndGlobal
